
Microsoft Visual Studio Solution File, Format Version 12.00
# Visual Studio 15
VisualStudioVersion = 15.0.27703.2047
MinimumVisualStudioVersion = 10.0.40219.1
Project("{FAE04EC0-301F-11D3-BF4B-00C04F79EFBC}") = "WebApi", "WebApi\WebApi.csproj", "{D53583CD-8FBF-4013-9BBE-E88C9998D235}"
EndProject
Global
	GlobalSection(SolutionConfigurationPlatforms) = preSolution
		Debug|Any CPU = Debug|Any CPU
		Release|Any CPU = Release|Any CPU
	EndGlobalSection
	GlobalSection(ProjectConfigurationPlatforms) = postSolution
		{D53583CD-8FBF-4013-9BBE-E88C9998D235}.Debug|Any CPU.ActiveCfg = Debug|Any CPU
		{D53583CD-8FBF-4013-9BBE-E88C9998D235}.Debug|Any CPU.Build.0 = Debug|Any CPU
		{D53583CD-8FBF-4013-9BBE-E88C9998D235}.Release|Any CPU.ActiveCfg = Release|Any CPU
		{D53583CD-8FBF-4013-9BBE-E88C9998D235}.Release|Any CPU.Build.0 = Release|Any CPU
	EndGlobalSection
	GlobalSection(SolutionProperties) = preSolution
		HideSolutionNode = FALSE
	EndGlobalSection
	GlobalSection(ExtensibilityGlobals) = postSolution
		SolutionGuid = {BF8ED85E-5B87-40FB-B0E2-CBB6F9483E6D}
	EndGlobalSection
EndGlobal
